Microsoft Visual Studio Solution File, Format Version 8.00
Project("{FAE04EC0-301F-11D3-BF4B-00C04F79EFBC}") = "lsMailServer", "lsMailServer.csproj", "{3875CF02-6D99-41FF-B4D1-59941254C0C4}"
	ProjectSection(ProjectDependencies) = postProject
	EndProjectSection
EndProject
Global
	GlobalSection(SolutionConfiguration) = preSolution
		Debug = Debug
		Release = Release
	EndGlobalSection
	GlobalSection(ProjectConfiguration) = postSolution
		{3875CF02-6D99-41FF-B4D1-59941254C0C4}.Debug.ActiveCfg = Debug|.NET
		{3875CF02-6D99-41FF-B4D1-59941254C0C4}.Debug.Build.0 = Debug|.NET
		{3875CF02-6D99-41FF-B4D1-59941254C0C4}.Release.ActiveCfg = Release|.NET
		{3875CF02-6D99-41FF-B4D1-59941254C0C4}.Release.Build.0 = Release|.NET
	EndGlobalSection
	GlobalSection(ExtensibilityGlobals) = postSolution
	EndGlobalSection
	GlobalSection(ExtensibilityAddIns) = postSolution
	EndGlobalSection
EndGlobal
